version = 1
revision = 3
requires-python = "==3.13.*"

[[package]]
name = "pyarmor"
version = "9.2.3"
source = { registry = "https://pypi.org/simple" }
dependencies = [
    { name = "pyarmor-cli-core" },
]
sdist = { url = "https://files.pythonhosted.org/packages/ca/69/898019565e06dde56f4334639ffd367434d9bc440f34128cf2ca622482f4/pyarmor-9.2.3.tar.gz", hash = "sha256:79147cff22d5f555c1dad9f73eae1fa1f7cc30b5f374762350a2b280efad7f3e", size = 3012226, upload-time = "2025-12-16T09:50:00.202Z" }
wheels = [
    { url = "https://files.pythonhosted.org/packages/f9/46/36b6bb6ccc001ba3530fd0e792aaf87f38413e2885a974a040a65060c2d8/pyarmor-9.2.3-py3-none-any.whl", hash = "sha256:2ad39b019c957ef247f91f0e690ea0ba5c9755f86262b22cc9fdd65a73567b37", size = 3071053, upload-time = "2025-12-16T09:50:05.768Z" },
]

[[package]]
name = "pyarmor-cli-core"
version = "8.1.0"
source = { registry = "https://pypi.org/simple" }
sdist = { url = "https://files.pythonhosted.org/packages/e1/eb/7127e8bb109dc33bad7a9482fb75ff4c64e91574279e4b4a2eda05bbc8dd/pyarmor_cli_core-8.1.0.tar.gz", hash = "sha256:0a1abb280947b0c67897a1a459f23b2d674ca7b9e3dc2078bd76b53a10bc6955", size = 4496, upload-time = "2025-10-31T10:33:06.097Z" }
wheels = [
    { url = "https://files.pythonhosted.org/packages/4b/a0/d398a9472eba1e2360dcd2dddecfdfc367e0a2442ead2ee01357caf44710/pyarmor_cli_core-8.1.0-cp313-cp313-win32.whl", hash = "sha256:b6b0f70ced3ff077cb7232c2bf47b83d6f140bd658a2fd58ad7361d07e9f5912", size = 460518, upload-time = "2025-12-16T09:41:25.646Z" },
    { url = "https://files.pythonhosted.org/packages/5a/6c/224668639ee3cc0756d58d470feb653d2107c504f8e96e27a1a7958beb26/pyarmor_cli_core-8.1.0-cp313-cp313-win_amd64.whl", hash = "sha256:2ba30e1da2758eedba89e8116dd8c6f1a6e17dd11748874ecb25b7827a4bf709", size = 421141, upload-time = "2025-12-16T09:41:30.938Z" },
    { url = "https://files.pythonhosted.org/packages/53/09/173d69791f300e816cb1e2094a42bbf8c1fbe19ea704e859a5ecbe2826ba/pyarmor_cli_core-8.1.0-cp313-none-macosx_10_14_x86_64.whl", hash = "sha256:b7659a53be26da68bd6e553263113713ccf7523c7bf374e29c269aacfe64ff33", size = 517216, upload-time = "2025-10-31T10:35:55.086Z" },
    { url = "https://files.pythonhosted.org/packages/62/5f/b7d5347cf71dee7643e748ff79df78b8ad517684097b3e58ea72afbafa18/pyarmor_cli_core-8.1.0-cp313-none-macosx_11_0_arm64.whl", hash = "sha256:e89201cc59c256518df1141fe24143f8537b3005dcedeefb5b0fb7f163a7c3fb", size = 409526, upload-time = "2025-10-31T10:35:59.593Z" },
    { url = "https://files.pythonhosted.org/packages/52/80/834b40453eb93194f309b07083407e445a23fb041bf88e56f876e36b0afb/pyarmor_cli_core-8.1.0-cp313-none-manylinux1_i686.whl", hash = "sha256:ec7b666f653e02ca479f502d9c5d8ebe79d481fb692d97ce507fcea3b4cff587", size = 489382, upload-time = "2025-10-31T10:36:04.335Z" },
    { url = "https://files.pythonhosted.org/packages/f6/17/d250e62cc9fd007db4dc7e7f0cc0f5c792ba9d7bfd8dddf935a258093df3/pyarmor_cli_core-8.1.0-cp313-none-manylinux1_x86_64.whl", hash = "sha256:432e0f7f1f9c54850a459f61e13621ab5accd6667bc135f4e8337502e51bebc4", size = 457730, upload-time = "2025-10-31T10:36:08.809Z" },
    { url = "https://files.pythonhosted.org/packages/cc/53/db66c75fd3aa2698db98eba1a02c495d644ea9b4d76297bdb12412fd6047/pyarmor_cli_core-8.1.0-cp313-none-manylinux2014_aarch64.whl", hash = "sha256:e3361081b7dfb3848080b3f4a669c7a26426fb8065665f50b0fa3a83b51734b4", size = 604260, upload-time = "2025-10-31T10:36:13.734Z" },
    { url = "https://files.pythonhosted.org/packages/fd/5c/d85b5535a4d28c19eb75018d35fa5325d2fe20f6819ae8394f94f8807751/pyarmor_cli_core-8.1.0-cp313-none-manylinux2014_armv7l.whl", hash = "sha256:1c28a8f2643dfec58c6d257c7efe7e3eac8352e2dbf1b88cc325e36eb8e9cb19", size = 1001051, upload-time = "2025-10-31T10:36:19.228Z" },
    { url = "https://files.pythonhosted.org/packages/ed/9f/0ae2e6d4b8de772d40d7457cd423cb2d1cb4f5751c0d3629bbf59c655978/pyarmor_cli_core-8.1.0-cp313-none-musllinux_1_1_aarch64.whl", hash = "sha256:c6687d5ab5e3ca8d127899dfc2553cd2591dbeb4027c68726d87ea243f8b74ba", size = 650791, upload-time = "2025-10-31T10:36:24.086Z" },
    { url = "https://files.pythonhosted.org/packages/da/c2/56569b2c9d2694ac35987e3e04d4a61b76a6713a5090ed1b8c19bd30529a/pyarmor_cli_core-8.1.0-cp313-none-musllinux_1_1_x86_64.whl", hash = "sha256:a5648d029a03966cebcc5e8b232b29f00bd1e49e7c1e041cc17c1d99ee785134", size = 446830, upload-time = "2025-10-31T10:36:29.294Z" },
    { url = "https://files.pythonhosted.org/packages/59/41/4221eeabc1e2d59a928cf1c245eae1af6833d47ff7c6540556d8013fb42d/pyarmor_cli_core-8.1.0-cp313-none-win32.whl", hash = "sha256:8697e48a3175806f18aa35c00a75259cfbec14c348efc8fcfdb55d6cb68cae8d", size = 460387, upload-time = "2025-10-31T10:36:34.185Z" },
    { url = "https://files.pythonhosted.org/packages/d5/bc/deefd48c9c2fb153bc8512a2eb387cc8aac93cf4504ddcd300183864865d/pyarmor_cli_core-8.1.0-cp313-none-win_amd64.whl", hash = "sha256:0dd2762fd6f2fb4e95c95339c2d20564af487c6563f20f2e424c3eb0919b3414", size = 421052, upload-time = "2025-10-31T10:36:38.79Z" },
    { url = "https://files.pythonhosted.org/packages/88/3a/d3732110517ce1021066862e362fa7ced6c89946b71cb43d1e3ec1d3292d/pyarmor_cli_core-8.1.0-py3-none-any.whl", hash = "sha256:72d4704ea468fcce761526f702f36d0d7a9c2b319452840a40e053909625effe", size = 5179, upload-time = "2025-10-31T10:41:00.3Z" },
]

[[package]]
name = "pyarmor-segv"
version = "0.0.1"
source = { editable = "." }
dependencies = [
    { name = "pyarmor" },
]

[package.metadata]
requires-dist = [{ name = "pyarmor", specifier = "==9.2.3" }]
